
Microsoft Visual Studio Solution File, Format Version 12.00
# Visual Studio Version 17
VisualStudioVersion = 17.14.36511.14 d17.14
MinimumVisualStudioVersion = 10.0.40219.1
Project("{FAE04EC0-301F-11D3-BF4B-00C04F79EFBC}") = "assignment3", "assignment3.csproj", "{D65D2117-55AF-40E6-AEEF-D0D869358065}"
EndProject
Global
	GlobalSection(SolutionConfigurationPlatforms) = preSolution
		Debug|Any CPU = Debug|Any CPU
		Release|Any CPU = Release|Any CPU
	EndGlobalSection
	GlobalSection(ProjectConfigurationPlatforms) = postSolution
		{D65D2117-55AF-40E6-AEEF-D0D869358065}.Debug|Any CPU.ActiveCfg = Debug|Any CPU
		{D65D2117-55AF-40E6-AEEF-D0D869358065}.Debug|Any CPU.Build.0 = Debug|Any CPU
		{D65D2117-55AF-40E6-AEEF-D0D869358065}.Release|Any CPU.ActiveCfg = Release|Any CPU
		{D65D2117-55AF-40E6-AEEF-D0D869358065}.Release|Any CPU.Build.0 = Release|Any CPU
	EndGlobalSection
	GlobalSection(SolutionProperties) = preSolution
		HideSolutionNode = FALSE
	EndGlobalSection
	GlobalSection(ExtensibilityGlobals) = postSolution
		SolutionGuid = {2AF2CE0B-9A12-49F3-8D81-57879A27ECCD}
	EndGlobalSection
EndGlobal
