
Microsoft Visual Studio Solution File, Format Version 12.00
# Visual Studio Version 17
VisualStudioVersion = 17.14.36518.9 d17.14
MinimumVisualStudioVersion = 10.0.40219.1
Project("{FAE04EC0-301F-11D3-BF4B-00C04F79EFBC}") = "midtermGame", "midtermGame.csproj", "{35BAC95A-78D7-475A-9EB1-6D522673CC5D}"
EndProject
Global
	GlobalSection(SolutionConfigurationPlatforms) = preSolution
		Debug|Any CPU = Debug|Any CPU
		Release|Any CPU = Release|Any CPU
	EndGlobalSection
	GlobalSection(ProjectConfigurationPlatforms) = postSolution
		{35BAC95A-78D7-475A-9EB1-6D522673CC5D}.Debug|Any CPU.ActiveCfg = Debug|Any CPU
		{35BAC95A-78D7-475A-9EB1-6D522673CC5D}.Debug|Any CPU.Build.0 = Debug|Any CPU
		{35BAC95A-78D7-475A-9EB1-6D522673CC5D}.Release|Any CPU.ActiveCfg = Release|Any CPU
		{35BAC95A-78D7-475A-9EB1-6D522673CC5D}.Release|Any CPU.Build.0 = Release|Any CPU
	EndGlobalSection
	GlobalSection(SolutionProperties) = preSolution
		HideSolutionNode = FALSE
	EndGlobalSection
	GlobalSection(ExtensibilityGlobals) = postSolution
		SolutionGuid = {CC0FA4E0-DBF8-42AE-8E8F-049E971288FA}
	EndGlobalSection
EndGlobal
